
Microsoft Visual Studio Solution File, Format Version 12.00
# Visual Studio Version 17
VisualStudioVersion = 17.0.32014.148
MinimumVisualStudioVersion = 10.0.40219.1
Project("{9A19103F-16F7-4668-BE54-9A1E7A4F7556}") = "TaxCalculatorService.APIProject", "TaxCalculator.APIPrpject\TaxCalculatorService.APIProject.csproj", "{C72A318C-73FE-41C3-B8B2-E46116A11A2B}"
EndProject
Project("{9A19103F-16F7-4668-BE54-9A1E7A4F7556}") = "DataService.APIProject", "DataService.APIProject\DataService.APIProject.csproj", "{E643D3DB-E987-421A-8AC9-FD5CF2E61164}"
EndProject
Project("{9A19103F-16F7-4668-BE54-9A1E7A4F7556}") = "TaxCalculator.Test", "TaxCalxulator.Test\TaxCalculator.Test.csproj", "{707CE428-CA9D-4D1C-AC32-B9D2FC6A450B}"
EndProject
Global
	GlobalSection(SolutionConfigurationPlatforms) = preSolution
		Debug|Any CPU = Debug|Any CPU
		Release|Any CPU = Release|Any CPU
	EndGlobalSection
	GlobalSection(ProjectConfigurationPlatforms) = postSolution
		{C72A318C-73FE-41C3-B8B2-E46116A11A2B}.Debug|Any CPU.ActiveCfg = Debug|Any CPU
		{C72A318C-73FE-41C3-B8B2-E46116A11A2B}.Debug|Any CPU.Build.0 = Debug|Any CPU
		{C72A318C-73FE-41C3-B8B2-E46116A11A2B}.Release|Any CPU.ActiveCfg = Release|Any CPU
		{C72A318C-73FE-41C3-B8B2-E46116A11A2B}.Release|Any CPU.Build.0 = Release|Any CPU
		{E643D3DB-E987-421A-8AC9-FD5CF2E61164}.Debug|Any CPU.ActiveCfg = Debug|Any CPU
		{E643D3DB-E987-421A-8AC9-FD5CF2E61164}.Debug|Any CPU.Build.0 = Debug|Any CPU
		{E643D3DB-E987-421A-8AC9-FD5CF2E61164}.Release|Any CPU.ActiveCfg = Release|Any CPU
		{E643D3DB-E987-421A-8AC9-FD5CF2E61164}.Release|Any CPU.Build.0 = Release|Any CPU
		{707CE428-CA9D-4D1C-AC32-B9D2FC6A450B}.Debug|Any CPU.ActiveCfg = Debug|Any CPU
		{707CE428-CA9D-4D1C-AC32-B9D2FC6A450B}.Debug|Any CPU.Build.0 = Debug|Any CPU
		{707CE428-CA9D-4D1C-AC32-B9D2FC6A450B}.Release|Any CPU.ActiveCfg = Release|Any CPU
		{707CE428-CA9D-4D1C-AC32-B9D2FC6A450B}.Release|Any CPU.Build.0 = Release|Any CPU
	EndGlobalSection
	GlobalSection(SolutionProperties) = preSolution
		HideSolutionNode = FALSE
	EndGlobalSection
	GlobalSection(ExtensibilityGlobals) = postSolution
		SolutionGuid = {B48A107E-8818-40BD-9878-DCFE2518D68D}
	EndGlobalSection
EndGlobal
